
Microsoft Visual Studio Solution File, Format Version 12.00
# Visual Studio Version 16
VisualStudioVersion = 16.0.30002.166
MinimumVisualStudioVersion = 10.0.40219.1
Project("{FAE04EC0-301F-11D3-BF4B-00C04F79EFBC}") = "AIAssistantControlApp", "AIAssistantControlApp\AIAssistantControlApp.csproj", "{F6191577-810F-45A1-A9C6-D3E7FEE0C43D}"
EndProject
Project("{FAE04EC0-301F-11D3-BF4B-00C04F79EFBC}") = "AIAssistantControlPanel", "AIAssistantControlPanel\AIAssistantControlPanel.csproj", "{060985C0-AF4D-429E-A675-7042404F5446}"
EndProject
Project("{FAE04EC0-301F-11D3-BF4B-00C04F79EFBC}") = "MultimediaIOManagerService", "MultimediaIOManagerService\MultimediaIOManagerService.csproj", "{B54A6AFF-54EA-4DB1-9D42-5FD49F2AB55A}"
EndProject
Global
	GlobalSection(SolutionConfigurationPlatforms) = preSolution
		Debug|Any CPU = Debug|Any CPU
		Debug|ARM = Debug|ARM
		Debug|ARM64 = Debug|ARM64
		Debug|x64 = Debug|x64
		Debug|x86 = Debug|x86
		Release|Any CPU = Release|Any CPU
		Release|ARM = Release|ARM
		Release|ARM64 = Release|ARM64
		Release|x64 = Release|x64
		Release|x86 = Release|x86
	EndGlobalSection
	GlobalSection(ProjectConfigurationPlatforms) = postSolution
		{F6191577-810F-45A1-A9C6-D3E7FEE0C43D}.Debug|Any CPU.ActiveCfg = Debug|Any CPU
		{F6191577-810F-45A1-A9C6-D3E7FEE0C43D}.Debug|Any CPU.Build.0 = Debug|Any CPU
		{F6191577-810F-45A1-A9C6-D3E7FEE0C43D}.Debug|ARM.ActiveCfg = Debug|Any CPU
		{F6191577-810F-45A1-A9C6-D3E7FEE0C43D}.Debug|ARM.Build.0 = Debug|Any CPU
		{F6191577-810F-45A1-A9C6-D3E7FEE0C43D}.Debug|ARM64.ActiveCfg = Debug|Any CPU
		{F6191577-810F-45A1-A9C6-D3E7FEE0C43D}.Debug|ARM64.Build.0 = Debug|Any CPU
		{F6191577-810F-45A1-A9C6-D3E7FEE0C43D}.Debug|x64.ActiveCfg = Debug|Any CPU
		{F6191577-810F-45A1-A9C6-D3E7FEE0C43D}.Debug|x64.Build.0 = Debug|Any CPU
		{F6191577-810F-45A1-A9C6-D3E7FEE0C43D}.Debug|x86.ActiveCfg = Debug|Any CPU
		{F6191577-810F-45A1-A9C6-D3E7FEE0C43D}.Debug|x86.Build.0 = Debug|Any CPU
		{F6191577-810F-45A1-A9C6-D3E7FEE0C43D}.Release|Any CPU.ActiveCfg = Release|Any CPU
		{F6191577-810F-45A1-A9C6-D3E7FEE0C43D}.Release|Any CPU.Build.0 = Release|Any CPU
		{F6191577-810F-45A1-A9C6-D3E7FEE0C43D}.Release|ARM.ActiveCfg = Release|Any CPU
		{F6191577-810F-45A1-A9C6-D3E7FEE0C43D}.Release|ARM.Build.0 = Release|Any CPU
		{F6191577-810F-45A1-A9C6-D3E7FEE0C43D}.Release|ARM64.ActiveCfg = Release|Any CPU
		{F6191577-810F-45A1-A9C6-D3E7FEE0C43D}.Release|ARM64.Build.0 = Release|Any CPU
		{F6191577-810F-45A1-A9C6-D3E7FEE0C43D}.Release|x64.ActiveCfg = Release|Any CPU
		{F6191577-810F-45A1-A9C6-D3E7FEE0C43D}.Release|x64.Build.0 = Release|Any CPU
		{F6191577-810F-45A1-A9C6-D3E7FEE0C43D}.Release|x86.ActiveCfg = Release|Any CPU
		{F6191577-810F-45A1-A9C6-D3E7FEE0C43D}.Release|x86.Build.0 = Release|Any CPU
		{060985C0-AF4D-429E-A675-7042404F5446}.Debug|Any CPU.ActiveCfg = Debug|x86
		{060985C0-AF4D-429E-A675-7042404F5446}.Debug|ARM.ActiveCfg = Debug|ARM
		{060985C0-AF4D-429E-A675-7042404F5446}.Debug|ARM.Build.0 = Debug|ARM
		{060985C0-AF4D-429E-A675-7042404F5446}.Debug|ARM.Deploy.0 = Debug|ARM
		{060985C0-AF4D-429E-A675-7042404F5446}.Debug|ARM64.ActiveCfg = Debug|ARM64
		{060985C0-AF4D-429E-A675-7042404F5446}.Debug|ARM64.Build.0 = Debug|ARM64
		{060985C0-AF4D-429E-A675-7042404F5446}.Debug|ARM64.Deploy.0 = Debug|ARM64
		{060985C0-AF4D-429E-A675-7042404F5446}.Debug|x64.ActiveCfg = Debug|x64
		{060985C0-AF4D-429E-A675-7042404F5446}.Debug|x64.Build.0 = Debug|x64
		{060985C0-AF4D-429E-A675-7042404F5446}.Debug|x64.Deploy.0 = Debug|x64
		{060985C0-AF4D-429E-A675-7042404F5446}.Debug|x86.ActiveCfg = Debug|x86
		{060985C0-AF4D-429E-A675-7042404F5446}.Debug|x86.Build.0 = Debug|x86
		{060985C0-AF4D-429E-A675-7042404F5446}.Debug|x86.Deploy.0 = Debug|x86
		{060985C0-AF4D-429E-A675-7042404F5446}.Release|Any CPU.ActiveCfg = Release|x86
		{060985C0-AF4D-429E-A675-7042404F5446}.Release|ARM.ActiveCfg = Release|ARM
		{060985C0-AF4D-429E-A675-7042404F5446}.Release|ARM.Build.0 = Release|ARM
		{060985C0-AF4D-429E-A675-7042404F5446}.Release|ARM.Deploy.0 = Release|ARM
		{060985C0-AF4D-429E-A675-7042404F5446}.Release|ARM64.ActiveCfg = Release|ARM64
		{060985C0-AF4D-429E-A675-7042404F5446}.Release|ARM64.Build.0 = Release|ARM64
		{060985C0-AF4D-429E-A675-7042404F5446}.Release|ARM64.Deploy.0 = Release|ARM64
		{060985C0-AF4D-429E-A675-7042404F5446}.Release|x64.ActiveCfg = Release|x64
		{060985C0-AF4D-429E-A675-7042404F5446}.Release|x64.Build.0 = Release|x64
		{060985C0-AF4D-429E-A675-7042404F5446}.Release|x64.Deploy.0 = Release|x64
		{060985C0-AF4D-429E-A675-7042404F5446}.Release|x86.ActiveCfg = Release|x86
		{060985C0-AF4D-429E-A675-7042404F5446}.Release|x86.Build.0 = Release|x86
		{060985C0-AF4D-429E-A675-7042404F5446}.Release|x86.Deploy.0 = Release|x86
		{B54A6AFF-54EA-4DB1-9D42-5FD49F2AB55A}.Debug|Any CPU.ActiveCfg = Debug|Any CPU
		{B54A6AFF-54EA-4DB1-9D42-5FD49F2AB55A}.Debug|Any CPU.Build.0 = Debug|Any CPU
		{B54A6AFF-54EA-4DB1-9D42-5FD49F2AB55A}.Debug|ARM.ActiveCfg = Debug|Any CPU
		{B54A6AFF-54EA-4DB1-9D42-5FD49F2AB55A}.Debug|ARM.Build.0 = Debug|Any CPU
		{B54A6AFF-54EA-4DB1-9D42-5FD49F2AB55A}.Debug|ARM64.ActiveCfg = Debug|Any CPU
		{B54A6AFF-54EA-4DB1-9D42-5FD49F2AB55A}.Debug|ARM64.Build.0 = Debug|Any CPU
		{B54A6AFF-54EA-4DB1-9D42-5FD49F2AB55A}.Debug|x64.ActiveCfg = Debug|Any CPU
		{B54A6AFF-54EA-4DB1-9D42-5FD49F2AB55A}.Debug|x64.Build.0 = Debug|Any CPU
		{B54A6AFF-54EA-4DB1-9D42-5FD49F2AB55A}.Debug|x86.ActiveCfg = Debug|Any CPU
		{B54A6AFF-54EA-4DB1-9D42-5FD49F2AB55A}.Debug|x86.Build.0 = Debug|Any CPU
		{B54A6AFF-54EA-4DB1-9D42-5FD49F2AB55A}.Release|Any CPU.ActiveCfg = Release|Any CPU
		{B54A6AFF-54EA-4DB1-9D42-5FD49F2AB55A}.Release|Any CPU.Build.0 = Release|Any CPU
		{B54A6AFF-54EA-4DB1-9D42-5FD49F2AB55A}.Release|ARM.ActiveCfg = Release|Any CPU
		{B54A6AFF-54EA-4DB1-9D42-5FD49F2AB55A}.Release|ARM.Build.0 = Release|Any CPU
		{B54A6AFF-54EA-4DB1-9D42-5FD49F2AB55A}.Release|ARM64.ActiveCfg = Release|Any CPU
		{B54A6AFF-54EA-4DB1-9D42-5FD49F2AB55A}.Release|ARM64.Build.0 = Release|Any CPU
		{B54A6AFF-54EA-4DB1-9D42-5FD49F2AB55A}.Release|x64.ActiveCfg = Release|Any CPU
		{B54A6AFF-54EA-4DB1-9D42-5FD49F2AB55A}.Release|x64.Build.0 = Release|Any CPU
		{B54A6AFF-54EA-4DB1-9D42-5FD49F2AB55A}.Release|x86.ActiveCfg = Release|Any CPU
		{B54A6AFF-54EA-4DB1-9D42-5FD49F2AB55A}.Release|x86.Build.0 = Release|Any CPU
	EndGlobalSection
	GlobalSection(SolutionProperties) = preSolution
		HideSolutionNode = FALSE
	EndGlobalSection
	GlobalSection(ExtensibilityGlobals) = postSolution
		SolutionGuid = {D6E497A8-0430-4FB4-ABC0-F56C77BE99D5}
	EndGlobalSection
EndGlobal
